
Microsoft Visual Studio Solution File, Format Version 12.00
# Visual Studio Version 17
VisualStudioVersion = 17.0.31903.59
MinimumVisualStudioVersion = 10.0.40219.1
Project("{9A19103F-16F7-4668-BE54-9A1E7A4F7556}") = "ClassLibrary", "Ex1Library\ClassLibrary.csproj", "{116552BC-BD9D-4151-BA5D-E73AD59292DD}"
EndProject
Project("{9A19103F-16F7-4668-BE54-9A1E7A4F7556}") = "ClassLibrary.Tests", "Ex1Library.Tests\ClassLibrary.Tests.csproj", "{48F4E362-01A2-4871-8111-BD1EEEAD9095}"
EndProject
Global
	GlobalSection(SolutionConfigurationPlatforms) = preSolution
		Debug|Any CPU = Debug|Any CPU
		Release|Any CPU = Release|Any CPU
	EndGlobalSection
	GlobalSection(ProjectConfigurationPlatforms) = postSolution
		{116552BC-BD9D-4151-BA5D-E73AD59292DD}.Debug|Any CPU.ActiveCfg = Debug|Any CPU
		{116552BC-BD9D-4151-BA5D-E73AD59292DD}.Debug|Any CPU.Build.0 = Debug|Any CPU
		{116552BC-BD9D-4151-BA5D-E73AD59292DD}.Release|Any CPU.ActiveCfg = Release|Any CPU
		{116552BC-BD9D-4151-BA5D-E73AD59292DD}.Release|Any CPU.Build.0 = Release|Any CPU
		{48F4E362-01A2-4871-8111-BD1EEEAD9095}.Debug|Any CPU.ActiveCfg = Debug|Any CPU
		{48F4E362-01A2-4871-8111-BD1EEEAD9095}.Debug|Any CPU.Build.0 = Debug|Any CPU
		{48F4E362-01A2-4871-8111-BD1EEEAD9095}.Release|Any CPU.ActiveCfg = Release|Any CPU
		{48F4E362-01A2-4871-8111-BD1EEEAD9095}.Release|Any CPU.Build.0 = Release|Any CPU
	EndGlobalSection
	GlobalSection(SolutionProperties) = preSolution
		HideSolutionNode = FALSE
	EndGlobalSection
EndGlobal
